
Microsoft Visual Studio Solution File, Format Version 12.00
# Visual Studio 2013
VisualStudioVersion = 12.0.21005.1
MinimumVisualStudioVersion = 10.0.40219.1
Project("{FAE04EC0-301F-11D3-BF4B-00C04F79EFBC}") = "CodeGenerator", "CodeGenerator\CodeGenerator.csproj", "{4541B186-79B4-4645-B624-67716ADB6C8F}"
EndProject
Project("{FAE04EC0-301F-11D3-BF4B-00C04F79EFBC}") = "ModelGenerater", "ModelGenerater\ModelGenerater.csproj", "{E54836C0-BE67-4C2E-926F-70B125BFF11D}"
EndProject
Project("{2150E333-8FDC-42A3-9474-1A3956D46DE8}") = "Tools", "Tools", "{B1A73445-50C7-421A-B453-E281ADE537C6}"
EndProject
Project("{FAE04EC0-301F-11D3-BF4B-00C04F79EFBC}") = "BLL", "BLL\BLL.csproj", "{EB8D22F2-ADFF-46F2-930F-FF3BF4B51648}"
EndProject
Project("{FAE04EC0-301F-11D3-BF4B-00C04F79EFBC}") = "DAL", "DAL\DAL.csproj", "{D17D1566-165A-47A3-AA12-7E58C8EAFB6F}"
EndProject
Project("{FAE04EC0-301F-11D3-BF4B-00C04F79EFBC}") = "ExcelHandler", "ExcelHandler\ExcelHandler.csproj", "{FAC82856-B117-40C6-A213-D5CD9C26FFCB}"
EndProject
Project("{FAE04EC0-301F-11D3-BF4B-00C04F79EFBC}") = "ExcelHandler0524", "ExcelHandler0524\ExcelHandler0524.csproj", "{812243BB-6C5C-409B-95F1-4169263802B9}"
EndProject
Project("{FAE04EC0-301F-11D3-BF4B-00C04F79EFBC}") = "Model", "Model\Model.csproj", "{AFF5045F-2A53-4267-92FE-DC158F200C2D}"
EndProject
Project("{FAE04EC0-301F-11D3-BF4B-00C04F79EFBC}") = "ConsoleTest", "ConsoleTest\ConsoleTest.csproj", "{580C6A9D-7600-44F0-89C4-146AA91C80AD}"
EndProject
Global
	GlobalSection(SolutionConfigurationPlatforms) = preSolution
		Debug|Any CPU = Debug|Any CPU
		Release|Any CPU = Release|Any CPU
	EndGlobalSection
	GlobalSection(ProjectConfigurationPlatforms) = postSolution
		{4541B186-79B4-4645-B624-67716ADB6C8F}.Debug|Any CPU.ActiveCfg = Debug|Any CPU
		{4541B186-79B4-4645-B624-67716ADB6C8F}.Debug|Any CPU.Build.0 = Debug|Any CPU
		{4541B186-79B4-4645-B624-67716ADB6C8F}.Release|Any CPU.ActiveCfg = Release|Any CPU
		{4541B186-79B4-4645-B624-67716ADB6C8F}.Release|Any CPU.Build.0 = Release|Any CPU
		{E54836C0-BE67-4C2E-926F-70B125BFF11D}.Debug|Any CPU.ActiveCfg = Debug|Any CPU
		{E54836C0-BE67-4C2E-926F-70B125BFF11D}.Debug|Any CPU.Build.0 = Debug|Any CPU
		{E54836C0-BE67-4C2E-926F-70B125BFF11D}.Release|Any CPU.ActiveCfg = Release|Any CPU
		{E54836C0-BE67-4C2E-926F-70B125BFF11D}.Release|Any CPU.Build.0 = Release|Any CPU
		{EB8D22F2-ADFF-46F2-930F-FF3BF4B51648}.Debug|Any CPU.ActiveCfg = Debug|Any CPU
		{EB8D22F2-ADFF-46F2-930F-FF3BF4B51648}.Debug|Any CPU.Build.0 = Debug|Any CPU
		{EB8D22F2-ADFF-46F2-930F-FF3BF4B51648}.Release|Any CPU.ActiveCfg = Release|Any CPU
		{EB8D22F2-ADFF-46F2-930F-FF3BF4B51648}.Release|Any CPU.Build.0 = Release|Any CPU
		{D17D1566-165A-47A3-AA12-7E58C8EAFB6F}.Debug|Any CPU.ActiveCfg = Debug|Any CPU
		{D17D1566-165A-47A3-AA12-7E58C8EAFB6F}.Debug|Any CPU.Build.0 = Debug|Any CPU
		{D17D1566-165A-47A3-AA12-7E58C8EAFB6F}.Release|Any CPU.ActiveCfg = Release|Any CPU
		{D17D1566-165A-47A3-AA12-7E58C8EAFB6F}.Release|Any CPU.Build.0 = Release|Any CPU
		{FAC82856-B117-40C6-A213-D5CD9C26FFCB}.Debug|Any CPU.ActiveCfg = Debug|Any CPU
		{FAC82856-B117-40C6-A213-D5CD9C26FFCB}.Debug|Any CPU.Build.0 = Debug|Any CPU
		{FAC82856-B117-40C6-A213-D5CD9C26FFCB}.Release|Any CPU.ActiveCfg = Release|Any CPU
		{FAC82856-B117-40C6-A213-D5CD9C26FFCB}.Release|Any CPU.Build.0 = Release|Any CPU
		{812243BB-6C5C-409B-95F1-4169263802B9}.Debug|Any CPU.ActiveCfg = Debug|Any CPU
		{812243BB-6C5C-409B-95F1-4169263802B9}.Debug|Any CPU.Build.0 = Debug|Any CPU
		{812243BB-6C5C-409B-95F1-4169263802B9}.Release|Any CPU.ActiveCfg = Release|Any CPU
		{812243BB-6C5C-409B-95F1-4169263802B9}.Release|Any CPU.Build.0 = Release|Any CPU
		{AFF5045F-2A53-4267-92FE-DC158F200C2D}.Debug|Any CPU.ActiveCfg = Debug|Any CPU
		{AFF5045F-2A53-4267-92FE-DC158F200C2D}.Debug|Any CPU.Build.0 = Debug|Any CPU
		{AFF5045F-2A53-4267-92FE-DC158F200C2D}.Release|Any CPU.ActiveCfg = Release|Any CPU
		{AFF5045F-2A53-4267-92FE-DC158F200C2D}.Release|Any CPU.Build.0 = Release|Any CPU
		{580C6A9D-7600-44F0-89C4-146AA91C80AD}.Debug|Any CPU.ActiveCfg = Debug|Any CPU
		{580C6A9D-7600-44F0-89C4-146AA91C80AD}.Debug|Any CPU.Build.0 = Debug|Any CPU
		{580C6A9D-7600-44F0-89C4-146AA91C80AD}.Release|Any CPU.ActiveCfg = Release|Any CPU
		{580C6A9D-7600-44F0-89C4-146AA91C80AD}.Release|Any CPU.Build.0 = Release|Any CPU
	EndGlobalSection
	GlobalSection(SolutionProperties) = preSolution
		HideSolutionNode = FALSE
	EndGlobalSection
	GlobalSection(NestedProjects) = preSolution
		{4541B186-79B4-4645-B624-67716ADB6C8F} = {B1A73445-50C7-421A-B453-E281ADE537C6}
		{E54836C0-BE67-4C2E-926F-70B125BFF11D} = {B1A73445-50C7-421A-B453-E281ADE537C6}
	EndGlobalSection
EndGlobal
